<?xml version="1.0" encoding="UTF-8" standalone="yes" ?>
<CodeBlocks_project_file>
    <FileVersion major="1" minor="6" />
    <Project>
        <Option title="edub" />
        <Option compiler="dmd" />
        <Build>
            <Target title="Debug">
                <Option output="edub_d" prefix_auto="1" extension_auto="1" />
                <Option object_output="edub.bin/dmd-obj/Debug/" />
                <Option type="1" />
                <Option compiler="dmd" />
                <Compiler>
                    <Add option="-g" />
                    <Add option="-debug" />
                </Compiler>
            </Target>
            <Target title="Release">
                <Option output="edub" prefix_auto="1" extension_auto="1" />
                <Option object_output="edub.bin/dmd-obj/Release/" />
                <Option type="1" />
                <Option compiler="dmd" />
                <Compiler>
                    <Add option="-O" />
                </Compiler>
            </Target>
        </Build>
        <Unit filename="edub.d" />
        <Unit filename="emake_common.d" />
    </Project>
</CodeBlocks_project_file>